
Microsoft Visual Studio Solution File, Format Version 12.00
Project("{FAE04EC0-301F-11D3-BF4B-00C04F79EFBC}") = "Quelich.Algorithmus.Test", "Quelich.Algorithmus.Test.csproj", "{F6E25710-AE30-4153-9285-C0651962CAC0}"
EndProject
Global
	GlobalSection(SolutionConfigurationPlatforms) = preSolution
		Debug|Any CPU = Debug|Any CPU
		Release|Any CPU = Release|Any CPU
	EndGlobalSection
	GlobalSection(ProjectConfigurationPlatforms) = postSolution
		{F6E25710-AE30-4153-9285-C0651962CAC0}.Debug|Any CPU.ActiveCfg = Debug|Any CPU
		{F6E25710-AE30-4153-9285-C0651962CAC0}.Debug|Any CPU.Build.0 = Debug|Any CPU
		{F6E25710-AE30-4153-9285-C0651962CAC0}.Release|Any CPU.ActiveCfg = Release|Any CPU
		{F6E25710-AE30-4153-9285-C0651962CAC0}.Release|Any CPU.Build.0 = Release|Any CPU
	EndGlobalSection
EndGlobal
