
Microsoft Visual Studio Solution File, Format Version 12.00
Project("{FAE04EC0-301F-11D3-BF4B-00C04F79EFBC}") = "Quelich.Algorithmus.Test", "Quelich.Algorithmus.Test.csproj", "{22EDD763-B9B3-4156-A543-C7FBCE7EC124}"
EndProject
Global
	GlobalSection(SolutionConfigurationPlatforms) = preSolution
		Debug|Any CPU = Debug|Any CPU
		Release|Any CPU = Release|Any CPU
	EndGlobalSection
	GlobalSection(ProjectConfigurationPlatforms) = postSolution
		{22EDD763-B9B3-4156-A543-C7FBCE7EC124}.Debug|Any CPU.ActiveCfg = Debug|Any CPU
		{22EDD763-B9B3-4156-A543-C7FBCE7EC124}.Debug|Any CPU.Build.0 = Debug|Any CPU
		{22EDD763-B9B3-4156-A543-C7FBCE7EC124}.Release|Any CPU.ActiveCfg = Release|Any CPU
		{22EDD763-B9B3-4156-A543-C7FBCE7EC124}.Release|Any CPU.Build.0 = Release|Any CPU
	EndGlobalSection
EndGlobal
